
Microsoft Visual Studio Solution File, Format Version 12.00
# Visual Studio Version 17
VisualStudioVersion = 17.8.34330.188
MinimumVisualStudioVersion = 10.0.40219.1
Project("{FAE04EC0-301F-11D3-BF4B-00C04F79EFBC}") = "SqlConnection-Connected", "SqlConnection-Connected\SqlConnection-Connected.csproj", "{648AE143-9A66-4A51-8E44-37EFF3DC684A}"
EndProject
Global
	GlobalSection(SolutionConfigurationPlatforms) = preSolution
		Debug|Any CPU = Debug|Any CPU
		Release|Any CPU = Release|Any CPU
	EndGlobalSection
	GlobalSection(ProjectConfigurationPlatforms) = postSolution
		{648AE143-9A66-4A51-8E44-37EFF3DC684A}.Debug|Any CPU.ActiveCfg = Debug|Any CPU
		{648AE143-9A66-4A51-8E44-37EFF3DC684A}.Debug|Any CPU.Build.0 = Debug|Any CPU
		{648AE143-9A66-4A51-8E44-37EFF3DC684A}.Release|Any CPU.ActiveCfg = Release|Any CPU
		{648AE143-9A66-4A51-8E44-37EFF3DC684A}.Release|Any CPU.Build.0 = Release|Any CPU
	EndGlobalSection
	GlobalSection(SolutionProperties) = preSolution
		HideSolutionNode = FALSE
	EndGlobalSection
	GlobalSection(ExtensibilityGlobals) = postSolution
		SolutionGuid = {2A77DF05-A1EE-4F28-815C-04A1E9C1FCD0}
	EndGlobalSection
EndGlobal
